
Microsoft Visual Studio Solution File, Format Version 12.00
# Visual Studio Version 17
VisualStudioVersion = 17.11.35219.272
MinimumVisualStudioVersion = 10.0.40219.1
Project("{FAE04EC0-301F-11D3-BF4B-00C04F79EFBC}") = "inlämning uppgift 1,2", "inlämning uppgift 1,2\inlämning uppgift 1,2.csproj", "{0C4792BB-9271-4353-8066-B9B6F342CE52}"
EndProject
Global
	GlobalSection(SolutionConfigurationPlatforms) = preSolution
		Debug|Any CPU = Debug|Any CPU
		Release|Any CPU = Release|Any CPU
	EndGlobalSection
	GlobalSection(ProjectConfigurationPlatforms) = postSolution
		{0C4792BB-9271-4353-8066-B9B6F342CE52}.Debug|Any CPU.ActiveCfg = Debug|Any CPU
		{0C4792BB-9271-4353-8066-B9B6F342CE52}.Debug|Any CPU.Build.0 = Debug|Any CPU
		{0C4792BB-9271-4353-8066-B9B6F342CE52}.Release|Any CPU.ActiveCfg = Release|Any CPU
		{0C4792BB-9271-4353-8066-B9B6F342CE52}.Release|Any CPU.Build.0 = Release|Any CPU
	EndGlobalSection
	GlobalSection(SolutionProperties) = preSolution
		HideSolutionNode = FALSE
	EndGlobalSection
	GlobalSection(ExtensibilityGlobals) = postSolution
		SolutionGuid = {D1F6D57D-5CA0-44FB-8D2A-52642AE71C7E}
	EndGlobalSection
EndGlobal
